
Microsoft Visual Studio Solution File, Format Version 12.00
# Visual Studio Version 17
VisualStudioVersion = 17.12.35527.113
MinimumVisualStudioVersion = 10.0.40219.1
Project("{FAE04EC0-301F-11D3-BF4B-00C04F79EFBC}") = "WorkingWithFileSystems", "WorkingWithFileSystems\WorkingWithFileSystems.csproj", "{F093E02F-6CE6-4696-8B3A-A85A0B075EC9}"
EndProject
Project("{FAE04EC0-301F-11D3-BF4B-00C04F79EFBC}") = "WorkingWithStreams", "WorkingWithStreams\WorkingWithStreams.csproj", "{9F168F6C-EABA-478C-9211-0BA9A2E393FB}"
EndProject
Project("{FAE04EC0-301F-11D3-BF4B-00C04F79EFBC}") = "WorkingWithRandomAccess", "WorkingWithRandomAccess\WorkingWithRandomAccess.csproj", "{62EEF8A3-DD89-41CF-B6CB-F6A59BF89468}"
EndProject
Project("{FAE04EC0-301F-11D3-BF4B-00C04F79EFBC}") = "WorkingWithEncoding", "WorkingWithEncoding\WorkingWithEncoding.csproj", "{D99D881A-66AE-44E6-BC3B-BCE5311238FF}"
EndProject
Global
	GlobalSection(SolutionConfigurationPlatforms) = preSolution
		Debug|Any CPU = Debug|Any CPU
		Release|Any CPU = Release|Any CPU
	EndGlobalSection
	GlobalSection(ProjectConfigurationPlatforms) = postSolution
		{F093E02F-6CE6-4696-8B3A-A85A0B075EC9}.Debug|Any CPU.ActiveCfg = Debug|Any CPU
		{F093E02F-6CE6-4696-8B3A-A85A0B075EC9}.Debug|Any CPU.Build.0 = Debug|Any CPU
		{F093E02F-6CE6-4696-8B3A-A85A0B075EC9}.Release|Any CPU.ActiveCfg = Release|Any CPU
		{F093E02F-6CE6-4696-8B3A-A85A0B075EC9}.Release|Any CPU.Build.0 = Release|Any CPU
		{9F168F6C-EABA-478C-9211-0BA9A2E393FB}.Debug|Any CPU.ActiveCfg = Debug|Any CPU
		{9F168F6C-EABA-478C-9211-0BA9A2E393FB}.Debug|Any CPU.Build.0 = Debug|Any CPU
		{9F168F6C-EABA-478C-9211-0BA9A2E393FB}.Release|Any CPU.ActiveCfg = Release|Any CPU
		{9F168F6C-EABA-478C-9211-0BA9A2E393FB}.Release|Any CPU.Build.0 = Release|Any CPU
		{62EEF8A3-DD89-41CF-B6CB-F6A59BF89468}.Debug|Any CPU.ActiveCfg = Debug|Any CPU
		{62EEF8A3-DD89-41CF-B6CB-F6A59BF89468}.Debug|Any CPU.Build.0 = Debug|Any CPU
		{62EEF8A3-DD89-41CF-B6CB-F6A59BF89468}.Release|Any CPU.ActiveCfg = Release|Any CPU
		{62EEF8A3-DD89-41CF-B6CB-F6A59BF89468}.Release|Any CPU.Build.0 = Release|Any CPU
		{D99D881A-66AE-44E6-BC3B-BCE5311238FF}.Debug|Any CPU.ActiveCfg = Debug|Any CPU
		{D99D881A-66AE-44E6-BC3B-BCE5311238FF}.Debug|Any CPU.Build.0 = Debug|Any CPU
		{D99D881A-66AE-44E6-BC3B-BCE5311238FF}.Release|Any CPU.ActiveCfg = Release|Any CPU
		{D99D881A-66AE-44E6-BC3B-BCE5311238FF}.Release|Any CPU.Build.0 = Release|Any CPU
	EndGlobalSection
	GlobalSection(SolutionProperties) = preSolution
		HideSolutionNode = FALSE
	EndGlobalSection
EndGlobal
